
Microsoft Visual Studio Solution File, Format Version 12.00
# Visual Studio Version 17
VisualStudioVersion = 17.7.34031.279
MinimumVisualStudioVersion = 10.0.40219.1
Project("{FAE04EC0-301F-11D3-BF4B-00C04F79EFBC}") = "BasketItem", "BasketItem\BasketItem.csproj", "{D38CB02C-8ACA-4160-8299-3852F5C6B43C}"
EndProject
Global
	GlobalSection(SolutionConfigurationPlatforms) = preSolution
		Debug|Any CPU = Debug|Any CPU
		Release|Any CPU = Release|Any CPU
	EndGlobalSection
	GlobalSection(ProjectConfigurationPlatforms) = postSolution
		{D38CB02C-8ACA-4160-8299-3852F5C6B43C}.Debug|Any CPU.ActiveCfg = Debug|Any CPU
		{D38CB02C-8ACA-4160-8299-3852F5C6B43C}.Debug|Any CPU.Build.0 = Debug|Any CPU
		{D38CB02C-8ACA-4160-8299-3852F5C6B43C}.Release|Any CPU.ActiveCfg = Release|Any CPU
		{D38CB02C-8ACA-4160-8299-3852F5C6B43C}.Release|Any CPU.Build.0 = Release|Any CPU
	EndGlobalSection
	GlobalSection(SolutionProperties) = preSolution
		HideSolutionNode = FALSE
	EndGlobalSection
	GlobalSection(ExtensibilityGlobals) = postSolution
		SolutionGuid = {5023750B-6871-41C7-96A6-632CFA04E7A4}
	EndGlobalSection
EndGlobal
